(setq el-get-lock-package-versions
      '((imenus\.el :checksum "ee1bbd2228dbb86df2865dc9004d375421b171ba")
        (imenu-anywhere :checksum "938166bc02b88edd3af94dd1381755eed0b6d4e0")
        (el-get-lock :checksum "046ffb568c6964ea30813338234aea2d60a5c632")
        (elixir :checksum "344d77dd0d23e17a4438171d3194184b209a0de6")
        (dired+ :checksum "7b9813f79e86d2e4f36eea74a86ce83f5336fdc6")
        (el-get :checksum "29d911e77fa240e23d89362df641234afb9dfb6b")
        (tab-jump-out :checksum "1c3fec1826d2891177ea78e4e7cce1dc67e83e51")
        (avy :checksum "15d0679385fdf3f1d20904ff68ebcb522c4a87d4")
        (ace-jump-mode :checksum "8351e2df4fbbeb2a4003f2fb39f46d33803f3dac")
        (helm-migemo :checksum "66c6a19d07c6a385daefd2090d0709d26b608b4e")
        (with-eval-after-load-feature-el :checksum "0b38651a5f0dafdfe04bd0032eb5ff803e99460b")
        (helm-swoop :checksum "d953ad605c989c40da5bc0fcb2953104ea7210e6")
        (github-browse-file :checksum "fa5cc00a40869430fb44596792961a4cddf9c265")
        (warm-night-theme :checksum "67cc2a1591c0627e6310cdfe8ca7c8d4565b9c16")
        (flycheck-tip :checksum "9eefbea4ccc9e348d356faf28c9a1902ba28f29e")
        (flycheck-pos-tip :checksum "32ddd6bf3c1a642a9f7afe25475c4bf2ebc7aae9")
        (pos-tip :checksum "92c6b81591b32a0fb3da65f6a514ddcce1d277c0")
        (git-modes :checksum "3423997a89f63eb4c8a4ce495928bc5951767932")
        (sequential-command-config :checksum "c35a1ef45d77612bc6cd1a8ad9b29f00423f433f")
        (sequential-command :checksum "2d211c05cbd630ac88bb34fe91715f76b853f138")
        (anything-config :checksum "e3edc9b406a8faca3d4a5527c9bd8aa66aba5a96")
        (anything-grep :checksum "39b3e7a575d7c70f63470419e71fba266cea832c")
        (json-mode :checksum "ce275e004dc7265047a80dec68b24eb058b200f0")
        (json-reformat :checksum "b9bd375ec1deb10d2ba09c409bdcf99c56d7a716")
        (json-snatcher :checksum "c4cecc0a5051bd364373aa499c47a1bb7a5ac51c")
        (flycheck :checksum "bb4354b8ebd45457e3716a82f461cf348aa3d9f0")
        (migemo :checksum "c2240afa9afc0f003bb1d846710505e8e8e38169")
        (magit :checksum "93cbf42fc3c90274ef9e10eb127d66a6e237dae2")
        (milkode :checksum "ad934fb1d180ae1d0d111c2c6c86d72b33375aad")
        (git-gutter :checksum "cb2b341162447bc04b6f561dbb2e5add9a24c134")
        (anything-milkode :checksum "d6b2be13a351c41793e9cc13c1320953939d3ac9")
        (helm-ag :checksum "679ce0cc4a36cc377fa9f438705c3c8be9a944f3")
        (anzu :checksum "6fded24b366efc4cf27166104c1928f7d1fedaa7")
        (direx :checksum "9497231cf50767987494718db073731b05a4f970")
        (yaml-mode :checksum "6ddd55205224c2f2c306699e021cedbaeecfaaf2")
        (wgrep :checksum "7ef26c51feaef8a5ec0929737130ab8ba326983c")
        (web-mode :checksum "71aebc9f003dccce021be917deb58e9c0dd5c704")
        (emacs-tss :checksum "81ac6351a2ae258fd0ebf916dae9bd5a179fefd0")
        (tss :checksum "81ac6351a2ae258fd0ebf916dae9bd5a179fefd0")
        (yaxception :checksum "4e94cf3e0b9b5631b0e90eb4b7de597ee7185875")
        (log4e :checksum "6592682ab7de0e3d1915aa4d3c53e083be79fbeb")
        (sass-mode :checksum "3da9040680880743fddb55a965ecd150d1039df6")
        (haml-mode :checksum "7717db6fa4a90d618b4a5e3fef2ac1d24ce39be3")
        (ruby-block :checksum "289c34dca6daa1a1591537e1c56b687c14631930")
        (ruby-end :checksum "79b4ea788b9cae9282da809507d0a56aa9c057c8")
        (markdown-mode :checksum "5a83366cc8e33f4a50f6283fb2cd0c3519d8577a")
        (js2-mode :checksum "73c0348bf964c956aa5a9f2aeb0415bb9a65198c")
        (helm :checksum "86967290b9c957c652a4b1099c4b1984767593f9")
        (go-mode :checksum "dccb56c1b1b85c3d7b3184a6606024077d4e1775")
        (emmet-mode :checksum "3a29a1ae17271a3dfe3cd47db034ee4036b2b144")
        (emacs-ac-alchemist :checksum "b1891c3d41aed83f61d78a609ea97be5cc2758d9")
        (emacs-elixir :checksum "25f3995ea34b23b7ffa304159a2508dbf9b3d075")
        (coffee-mode :checksum "224467585cc83a15b087b9745b57044f3af2bba0")
        (auto-complete :checksum "422e1a24b2e75bac25cf224191e306a645794e10")
        (popup :checksum "004d58c47f6406b6555cf112f8a6eed6114cb63b")
        (fuzzy :checksum "534d723ad2e06322ff8d9bd0ba4863d243f698e7")
        (yasnippet :checksum "e6fff091f2c179fa4b48514d1b3dcab9fb8fee18")
        (undo-tree :checksum "a3e81b682053a81e082139300ef0a913a7a610a2")
        (seqential-command :checksum "a88596631bb609e59d81085c37c95bc7706fd467")
        (recentf-ext :checksum "495bfe07e8a759f1e6dfbd45e62ae2f72404ff79")
        (popwin :checksum "95dea14c60019d6cccf9a3b33e0dec4e1f22c304")
        (epl :checksum "a5ad061d0a5eb42f66c384e55d102da7d52c96b0")
        (seq :checksum "1349714b20daed2e62a21ebdd5244acc0ccbef0c")
        (dash :checksum "8a46d3c7c126d3e979f7f9b36867a413694cd8df")
        (auto-pair-plus :checksum "cb86c7bde29e3fbd6eb4c47338d4233be35da8fd")
        (autopair :checksum "4f4bd30b341e7fb15a452b59f3e5c34cbd5c97d8")
        (auto-save-buffers-enhanced :checksum "caf594120781a323ac37eab82bcf87f1ed4c9c42")
        (init-loader :checksum "1f28a0b801cbb08aa9b47fd15ceab243a2bc064c")))
(setq el-get-lock-locked-packages 'nil)
(setq el-get-lock-unlocked-packages 'nil)
