(setq el-get-lock-package-versions
      '((win-switch :checksum "41f36730a01496fa75b775ef1a2025d740748d85")
        (expand-region\.el :checksum "c75dab7bf0f9bb392ceafb10de16deee87467fa6")
        (switch-window :checksum "c1bbe51573a19ff6adae8531bf20601e5da5f7db")
        (helm-projectile :checksum "bc14d326fe892c902c55d093cccefb0fefde29b9")
        (projectile :checksum "665972dab7bab20c792f92a9e294b5677377711c")
        (el-get :checksum "facea41fde82a4e90a5e20d90fe54e4fc02c5fec")
        (pkg-info :checksum "76ba7415480687d05a4353b27fea2ae02b8d9d61")
        (key-combo :checksum "2fb5c65bc82d5bd2964e2b163822429ab45d90a1")
        (inf-ruby :checksum "4d820954241988b4506e067fa9fdf6d574876e2c")
        (ace-isearch :checksum "b8c59511d7ff13ed050a80be372121d9cba9e160")
        (anything :checksum "2d7e0450e13ab04b20f4dff08f32936e78677e58")
        (typescript-mode :checksum "aae70b59e64e1d7b3cfaee41e9134bfa19ac7363")
        (company-mode :checksum "9476aef021dbc4e703a521bcffd8d91234626351")
        (with-editor :checksum "d28d07497f67fea4c62fe7a2d3201fd86fb64fe2")
        (dash\.el :checksum "1fce650170b974a3a76ad7150fe13ca0b9769d2d")
        (emacs-async :checksum "228ec4bb351a9e14e338b9cb09eeb4809957c909")
        (imenus\.el :checksum "ee1bbd2228dbb86df2865dc9004d375421b171ba")
        (imenu-anywhere :checksum "938166bc02b88edd3af94dd1381755eed0b6d4e0")
        (elixir :checksum "1d0404494c1543b0d1e4d410b77c7d5e3ecc8dac")
        (dired+ :checksum "89690ef8879849e3f185b91aa74c184ff2213740")
        (avy :checksum "15d0679385fdf3f1d20904ff68ebcb522c4a87d4")
        (ace-jump-mode :checksum "8351e2df4fbbeb2a4003f2fb39f46d33803f3dac")
        (helm-migemo :checksum "66c6a19d07c6a385daefd2090d0709d26b608b4e")
        (with-eval-after-load-feature-el :checksum "0b38651a5f0dafdfe04bd0032eb5ff803e99460b")
        (helm-swoop :checksum "6d3fdcfb6dea06242efc8ff4cafff9917e558bfc")
        (github-browse-file :checksum "9742a5183af853788c6ecb83fb7ee0b00d1675ac")
        (warm-night-theme :checksum "67cc2a1591c0627e6310cdfe8ca7c8d4565b9c16")
        (flycheck-tip :checksum "2e8ec9818f25c57516c48612f8b0963df177123d")
        (flycheck-pos-tip :checksum "32ddd6bf3c1a642a9f7afe25475c4bf2ebc7aae9")
        (pos-tip :checksum "92c6b81591b32a0fb3da65f6a514ddcce1d277c0")
        (git-modes :checksum "9da8cac8ea6cc07626565b5ede9aedae133b4d6a")
        (sequential-command-config :checksum "c35a1ef45d77612bc6cd1a8ad9b29f00423f433f")
        (sequential-command :checksum "2d211c05cbd630ac88bb34fe91715f76b853f138")
        (anything-config :checksum "e3edc9b406a8faca3d4a5527c9bd8aa66aba5a96")
        (anything-grep :checksum "39b3e7a575d7c70f63470419e71fba266cea832c")
        (json-mode :checksum "9ba01b868a6b138feeff82b9eb0abd331d29325f")
        (json-reformat :checksum "24c2bf3c41897b5cf1398dcaedfec88526308bf4")
        (json-snatcher :checksum "c4cecc0a5051bd364373aa499c47a1bb7a5ac51c")
        (flycheck :checksum "bb4354b8ebd45457e3716a82f461cf348aa3d9f0")
        (migemo :checksum "c2240afa9afc0f003bb1d846710505e8e8e38169")
        (magit :checksum "b98fd335c26669d3dabb3602c2fab3ced3c0e0dd")
        (milkode :checksum "ad934fb1d180ae1d0d111c2c6c86d72b33375aad")
        (git-gutter :checksum "46785711d9be4ea718bcf738e49e6b6bea805342")
        (anything-milkode :checksum "d6b2be13a351c41793e9cc13c1320953939d3ac9")
        (helm-ag :checksum "39f02a29f0ad1b2d0afd847d59782b269a65b13e")
        (anzu :checksum "6fded24b366efc4cf27166104c1928f7d1fedaa7")
        (direx :checksum "9497231cf50767987494718db073731b05a4f970")
        (yaml-mode :checksum "a4794ea21a2ca8c9be6322fd7964e353d3fed0c1")
        (wgrep :checksum "7ef26c51feaef8a5ec0929737130ab8ba326983c")
        (web-mode :checksum "e170d2720be0758a7ebe001e234231be52c83554")
        (sass-mode :checksum "7f0df85fd1b90e40e019a0f2e4ea6661169ceb65")
        (haml-mode :checksum "7717db6fa4a90d618b4a5e3fef2ac1d24ce39be3")
        (ruby-block :checksum "289c34dca6daa1a1591537e1c56b687c14631930")
        (ruby-end :checksum "79b4ea788b9cae9282da809507d0a56aa9c057c8")
        (markdown-mode :checksum "3ba1851ccc9338501ccf1e1c24085420d95f18f7")
        (js2-mode :checksum "1f1251713830a2c3300e1b007ca6a5ca56d94e01")
        (helm :checksum "8acee62ffc19e57f152df313faba1afb7698c2b9")
        (go-mode :checksum "737611ee2f8ffd6ae573e37cc04c4ad4abe7697d")
        (emmet-mode :checksum "3a29a1ae17271a3dfe3cd47db034ee4036b2b144")
        (emacs-ac-alchemist :checksum "b1891c3d41aed83f61d78a609ea97be5cc2758d9")
        (emacs-elixir :checksum "384d8daf8ad563ebf2cb3437c71d30241adbe099")
        (coffee-mode :checksum "224467585cc83a15b087b9745b57044f3af2bba0")
        (auto-complete :checksum "422e1a24b2e75bac25cf224191e306a645794e10")
        (popup :checksum "80829dd46381754639fb764da11c67235fe63282")
        (fuzzy :checksum "534d723ad2e06322ff8d9bd0ba4863d243f698e7")
        (yasnippet :checksum "7e0a0de499e655d94a2e454f6519620d99c92ac6")
        (undo-tree :checksum "a3e81b682053a81e082139300ef0a913a7a610a2")
        (seqential-command :checksum "a88596631bb609e59d81085c37c95bc7706fd467")
        (recentf-ext :checksum "495bfe07e8a759f1e6dfbd45e62ae2f72404ff79")
        (popwin :checksum "95dea14c60019d6cccf9a3b33e0dec4e1f22c304")
        (epl :checksum "a5ad061d0a5eb42f66c384e55d102da7d52c96b0")
        (seq :checksum "1349714b20daed2e62a21ebdd5244acc0ccbef0c")
        (dash :checksum "502be58722262c5b9d779848a168b0dc67ee7471")
        (auto-pair-plus :checksum "cb86c7bde29e3fbd6eb4c47338d4233be35da8fd")
        (autopair :checksum "4f4bd30b341e7fb15a452b59f3e5c34cbd5c97d8")
        (auto-save-buffers-enhanced :checksum "caf594120781a323ac37eab82bcf87f1ed4c9c42")
        (init-loader :checksum "287da99eadfa3dd85492506db43d68324069b593")))
(setq el-get-lock-locked-packages 'nil)
(setq el-get-lock-unlocked-packages 'nil)
